
Microsoft Visual Studio Solution File, Format Version 12.00
# Visual Studio Version 17
VisualStudioVersion = 17.10.35027.167
MinimumVisualStudioVersion = 10.0.40219.1
Project("{FAE04EC0-301F-11D3-BF4B-00C04F79EFBC}") = "BrenoABL_ProgramaFormacao", "BremoABL_ProgramaFormacao\BrenoABL_ProgramaFormacao.csproj", "{A55A49B4-6818-4824-A392-409036BE38DC}"
EndProject
Global
	GlobalSection(SolutionConfigurationPlatforms) = preSolution
		Debug|Any CPU = Debug|Any CPU
		Release|Any CPU = Release|Any CPU
	EndGlobalSection
	GlobalSection(ProjectConfigurationPlatforms) = postSolution
		{A55A49B4-6818-4824-A392-409036BE38DC}.Debug|Any CPU.ActiveCfg = Debug|Any CPU
		{A55A49B4-6818-4824-A392-409036BE38DC}.Debug|Any CPU.Build.0 = Debug|Any CPU
		{A55A49B4-6818-4824-A392-409036BE38DC}.Release|Any CPU.ActiveCfg = Release|Any CPU
		{A55A49B4-6818-4824-A392-409036BE38DC}.Release|Any CPU.Build.0 = Release|Any CPU
	EndGlobalSection
	GlobalSection(SolutionProperties) = preSolution
		HideSolutionNode = FALSE
	EndGlobalSection
	GlobalSection(ExtensibilityGlobals) = postSolution
		SolutionGuid = {401E15F9-F2C8-47E5-9DFF-15CC8E658D33}
	EndGlobalSection
EndGlobal
